<?xml version="1.0" encoding="utf-8"?>
<Project ToolsVersion="4.0" xmlns="http://schemas.microsoft.com/developer/msbuild/2003">
  <ItemGroup>
    <ClCompile Include="src\bs_block_ab.c" />
    <ClCompile Include="src\ts.c" />
    <ClCompile Include="src\bs_stream.c" />
    <ClCompile Include="src\bs_block.c" />
    <ClCompile Include="src\bs_testcases.c" />
    <ClCompile Include="src\bs_algo.c" />
    <ClCompile Include="src\main.c" />
    <ClCompile Include="src\bs_sse2.c" />
    <ClCompile Include="src\bs_uint32.c" />
  </ItemGroup>
  <ItemGroup>
    <ClInclude Include="src\bs_algo.h" />
    <ClInclude Include="src\bs_block_ab.h" />
    <ClInclude Include="src\bs_sse2.h" />
    <ClInclude Include="src\bs_uint32.h" />
    <ClInclude Include="src\ts.h" />
    <ClInclude Include="src\config.h" />
    <ClInclude Include="src\bs_stream.h" />
    <ClInclude Include="src\bs_block.h" />
    <ClInclude Include="src\bs_testcases.h" />
  </ItemGroup>
  <ItemGroup>
    <None Include="README.md" />
  </ItemGroup>
</Project>